
Microsoft Visual Studio Solution File, Format Version 12.00
Project("{FAE04EC0-301F-11D3-BF4B-00C04F79EFBC}") = "WebAppi", "WebAppi\WebAppi.csproj", "{8D394C0B-F879-4693-981B-EB5BD1A03B0E}"
EndProject
Project("{2150E333-8FDC-42A3-9474-1A3956D46DE8}") = "Solution Items", "Solution Items", "{64451E2E-ECC3-4398-B2FD-C866EEFF7FB6}"
	ProjectSection(SolutionItems) = preProject
		compose.yaml = compose.yaml
	EndProjectSection
EndProject
Project("{FAE04EC0-301F-11D3-BF4B-00C04F79EFBC}") = "CryptoDbDockerService", "CryptoDbDockerService\CryptoDbDockerService.csproj", "{24E785CC-1164-4096-9524-ABD3202CCAB3}"
EndProject
Project("{FAE04EC0-301F-11D3-BF4B-00C04F79EFBC}") = "CoinGeckoDockerService", "CoinGeckoDockerService\CoinGeckoDockerService.csproj", "{4E161079-6378-4DEB-93C6-6415ADB32106}"
EndProject
Project("{FAE04EC0-301F-11D3-BF4B-00C04F79EFBC}") = "RaportGeneratorDockerService", "RaportGeneratorDockerService\RaportGeneratorDockerService.csproj", "{390E3BA2-D349-4A88-BF8B-09558A15F139}"
EndProject
Project("{FAE04EC0-301F-11D3-BF4B-00C04F79EFBC}") = "CurrencyService", "CurrencyService\CurrencyService.csproj", "{2E6E5D09-C328-4E9B-B554-3AD95E47D56A}"
EndProject
Global
	GlobalSection(SolutionConfigurationPlatforms) = preSolution
		Debug|Any CPU = Debug|Any CPU
		Release|Any CPU = Release|Any CPU
	EndGlobalSection
	GlobalSection(ProjectConfigurationPlatforms) = postSolution
		{8D394C0B-F879-4693-981B-EB5BD1A03B0E}.Debug|Any CPU.ActiveCfg = Debug|Any CPU
		{8D394C0B-F879-4693-981B-EB5BD1A03B0E}.Debug|Any CPU.Build.0 = Debug|Any CPU
		{8D394C0B-F879-4693-981B-EB5BD1A03B0E}.Release|Any CPU.ActiveCfg = Release|Any CPU
		{8D394C0B-F879-4693-981B-EB5BD1A03B0E}.Release|Any CPU.Build.0 = Release|Any CPU
		{24E785CC-1164-4096-9524-ABD3202CCAB3}.Debug|Any CPU.ActiveCfg = Debug|Any CPU
		{24E785CC-1164-4096-9524-ABD3202CCAB3}.Debug|Any CPU.Build.0 = Debug|Any CPU
		{24E785CC-1164-4096-9524-ABD3202CCAB3}.Release|Any CPU.ActiveCfg = Release|Any CPU
		{24E785CC-1164-4096-9524-ABD3202CCAB3}.Release|Any CPU.Build.0 = Release|Any CPU
		{4E161079-6378-4DEB-93C6-6415ADB32106}.Debug|Any CPU.ActiveCfg = Debug|Any CPU
		{4E161079-6378-4DEB-93C6-6415ADB32106}.Debug|Any CPU.Build.0 = Debug|Any CPU
		{4E161079-6378-4DEB-93C6-6415ADB32106}.Release|Any CPU.ActiveCfg = Release|Any CPU
		{4E161079-6378-4DEB-93C6-6415ADB32106}.Release|Any CPU.Build.0 = Release|Any CPU
		{390E3BA2-D349-4A88-BF8B-09558A15F139}.Debug|Any CPU.ActiveCfg = Debug|Any CPU
		{390E3BA2-D349-4A88-BF8B-09558A15F139}.Debug|Any CPU.Build.0 = Debug|Any CPU
		{390E3BA2-D349-4A88-BF8B-09558A15F139}.Release|Any CPU.ActiveCfg = Release|Any CPU
		{390E3BA2-D349-4A88-BF8B-09558A15F139}.Release|Any CPU.Build.0 = Release|Any CPU
		{2E6E5D09-C328-4E9B-B554-3AD95E47D56A}.Debug|Any CPU.ActiveCfg = Debug|Any CPU
		{2E6E5D09-C328-4E9B-B554-3AD95E47D56A}.Debug|Any CPU.Build.0 = Debug|Any CPU
		{2E6E5D09-C328-4E9B-B554-3AD95E47D56A}.Release|Any CPU.ActiveCfg = Release|Any CPU
		{2E6E5D09-C328-4E9B-B554-3AD95E47D56A}.Release|Any CPU.Build.0 = Release|Any CPU
	EndGlobalSection
	GlobalSection(NestedProjects) = preSolution
	EndGlobalSection
EndGlobal
